
Microsoft Visual Studio Solution File, Format Version 12.00
# Visual Studio Version 17
VisualStudioVersion = 17.7.34018.315
MinimumVisualStudioVersion = 10.0.40219.1
Project("{2150E333-8FDC-42A3-9474-1A3956D46DE8}") = "Solution Items", "Solution Items", "{26A392B5-E565-4447-8AF7-11F43C56BB1D}"
	ProjectSection(SolutionItems) = preProject
		docker-compose.yaml = docker-compose.yaml
		README.md = README.md
	EndProjectSection
EndProject
Project("{2150E333-8FDC-42A3-9474-1A3956D46DE8}") = "tests", "tests", "{799E7CDC-29A0-4A98-AA4D-C6F50141FA2B}"
EndProject
Project("{9A19103F-16F7-4668-BE54-9A1E7A4F7556}") = "WebApi", "src\WebApi\WebApi.csproj", "{F36F6E2D-F407-4D95-AE8E-8A555643EB15}"
EndProject
Project("{9A19103F-16F7-4668-BE54-9A1E7A4F7556}") = "Infrastructure", "src\Infrastructure\Infrastructure.csproj", "{337BE8DB-5640-475F-839A-54C0A6E1BB28}"
EndProject
Project("{9A19103F-16F7-4668-BE54-9A1E7A4F7556}") = "Application", "src\Application\Application.csproj", "{3A0E05CC-0C64-4236-9E66-21EA39436961}"
EndProject
Project("{2150E333-8FDC-42A3-9474-1A3956D46DE8}") = "src", "src", "{28A5ED39-F353-41E9-8443-B0EA0048F1D6}"
EndProject
Global
	GlobalSection(SolutionConfigurationPlatforms) = preSolution
		Debug|Any CPU = Debug|Any CPU
		Release|Any CPU = Release|Any CPU
	EndGlobalSection
	GlobalSection(ProjectConfigurationPlatforms) = postSolution
		{F36F6E2D-F407-4D95-AE8E-8A555643EB15}.Debug|Any CPU.ActiveCfg = Debug|Any CPU
		{F36F6E2D-F407-4D95-AE8E-8A555643EB15}.Debug|Any CPU.Build.0 = Debug|Any CPU
		{F36F6E2D-F407-4D95-AE8E-8A555643EB15}.Release|Any CPU.ActiveCfg = Release|Any CPU
		{F36F6E2D-F407-4D95-AE8E-8A555643EB15}.Release|Any CPU.Build.0 = Release|Any CPU
		{337BE8DB-5640-475F-839A-54C0A6E1BB28}.Debug|Any CPU.ActiveCfg = Debug|Any CPU
		{337BE8DB-5640-475F-839A-54C0A6E1BB28}.Debug|Any CPU.Build.0 = Debug|Any CPU
		{337BE8DB-5640-475F-839A-54C0A6E1BB28}.Release|Any CPU.ActiveCfg = Release|Any CPU
		{337BE8DB-5640-475F-839A-54C0A6E1BB28}.Release|Any CPU.Build.0 = Release|Any CPU
		{3A0E05CC-0C64-4236-9E66-21EA39436961}.Debug|Any CPU.ActiveCfg = Debug|Any CPU
		{3A0E05CC-0C64-4236-9E66-21EA39436961}.Debug|Any CPU.Build.0 = Debug|Any CPU
		{3A0E05CC-0C64-4236-9E66-21EA39436961}.Release|Any CPU.ActiveCfg = Release|Any CPU
		{3A0E05CC-0C64-4236-9E66-21EA39436961}.Release|Any CPU.Build.0 = Release|Any CPU
	EndGlobalSection
	GlobalSection(SolutionProperties) = preSolution
		HideSolutionNode = FALSE
	EndGlobalSection
	GlobalSection(NestedProjects) = preSolution
		{F36F6E2D-F407-4D95-AE8E-8A555643EB15} = {28A5ED39-F353-41E9-8443-B0EA0048F1D6}
		{337BE8DB-5640-475F-839A-54C0A6E1BB28} = {28A5ED39-F353-41E9-8443-B0EA0048F1D6}
		{3A0E05CC-0C64-4236-9E66-21EA39436961} = {28A5ED39-F353-41E9-8443-B0EA0048F1D6}
	EndGlobalSection
	GlobalSection(ExtensibilityGlobals) = postSolution
		SolutionGuid = {3999FBA3-61C8-4640-B956-B3AF89BC6B4F}
	EndGlobalSection
EndGlobal
